# @generated by Move, please check-in and do not edit manually.

[move]
version = 2
manifest_digest = "0010AAAFF18BE998B8E200D6869204ED0E06980BF141B211485769901D637355"
deps_digest = "F8BBB0CCB2491CA29A3DF03D6F92277A4F3574266507ACD77214D37ECA3F3082"
dependencies = [
  { name = "Sui" },
]

[[move.package]]
name = "MoveStdlib"
source = { git = "https://github.com/MystenLabs/sui.git", rev = "framework/testnet", subdir = "crates\\sui-framework\\packages\\move-stdlib" }

[[move.package]]
name = "Sui"
source = { git = "https://github.com/MystenLabs/sui.git", rev = "framework/testnet", subdir = "crates/sui-framework/packages/sui-framework" }

dependencies = [
  { name = "MoveStdlib" },
]

[move.toolchain-version]
compiler-version = "1.25.1"
edition = "2024.beta"
flavor = "sui"

[env]

[env.mainnet]
chain-id = "35834a8a"
original-published-id = "0x3a03a149dc7b5c8b26c7487ec8b760f5ff886fcd0f4b4d94d4671beb39b1e04b"
latest-published-id = "0x3a03a149dc7b5c8b26c7487ec8b760f5ff886fcd0f4b4d94d4671beb39b1e04b"
published-version = "1"
